
Microsoft Visual Studio Solution File, Format Version 12.00
# Visual Studio 2015
Project("{FAE04EC0-301F-11D3-BF4B-00C04F79EFBC}") = "mmECS_RaceCar_Example", "mmECS_RaceCar_Example.csproj", "{0A3DE9C9-61C6-727F-5EEA-43A356E70B56}"
EndProject
Global
	GlobalSection(SolutionConfigurationPlatforms) = preSolution
		Debug|Any CPU = Debug|Any CPU
		Release|Any CPU = Release|Any CPU
	EndGlobalSection
	GlobalSection(ProjectConfigurationPlatforms) = postSolution
		{0A3DE9C9-61C6-727F-5EEA-43A356E70B56}.Debug|Any CPU.ActiveCfg = Debug|Any CPU
		{0A3DE9C9-61C6-727F-5EEA-43A356E70B56}.Debug|Any CPU.Build.0 = Debug|Any CPU
		{0A3DE9C9-61C6-727F-5EEA-43A356E70B56}.Release|Any CPU.ActiveCfg = Release|Any CPU
		{0A3DE9C9-61C6-727F-5EEA-43A356E70B56}.Release|Any CPU.Build.0 = Release|Any CPU
	EndGlobalSection
	GlobalSection(SolutionProperties) = preSolution
		HideSolutionNode = FALSE
	EndGlobalSection
EndGlobal
