
Microsoft Visual Studio Solution File, Format Version 12.00
# Visual Studio 2015
Project("{FAE04EC0-301F-11D3-BF4B-00C04F79EFBC}") = "mmGame_RaceCar_Example", "mmGame_RaceCar_Example.csproj", "{752AC117-79AD-8E41-034F-696EC10B9563}"
EndProject
Global
	GlobalSection(SolutionConfigurationPlatforms) = preSolution
		Debug|Any CPU = Debug|Any CPU
		Release|Any CPU = Release|Any CPU
	EndGlobalSection
	GlobalSection(ProjectConfigurationPlatforms) = postSolution
		{752AC117-79AD-8E41-034F-696EC10B9563}.Debug|Any CPU.ActiveCfg = Debug|Any CPU
		{752AC117-79AD-8E41-034F-696EC10B9563}.Debug|Any CPU.Build.0 = Debug|Any CPU
		{752AC117-79AD-8E41-034F-696EC10B9563}.Release|Any CPU.ActiveCfg = Release|Any CPU
		{752AC117-79AD-8E41-034F-696EC10B9563}.Release|Any CPU.Build.0 = Release|Any CPU
	EndGlobalSection
	GlobalSection(SolutionProperties) = preSolution
		HideSolutionNode = FALSE
	EndGlobalSection
EndGlobal
